lockfileVersion: '9.0'

settings:
  autoInstallPeers: true
  excludeLinksFromLockfile: false

importers:

  .:
    dependencies:
      '@hookform/resolvers':
        specifier: ^5.0.1
        version: 5.0.1(react-hook-form@7.56.3(react@19.1.0))
      '@radix-ui/react-accordion':
        specifier: ^1.2.10
        version: 1.2.10(@types/react-dom@19.1.5(@types/react@19.1.4))(@types/react@19.1.4)(react-dom@19.1.0(react@19.1.0))(react@19.1.0)
      '@radix-ui/react-alert-dialog':
        specifier: ^1.1.13
        version: 1.1.13(@types/react-dom@19.1.5(@types/react@19.1.4))(@types/react@19.1.4)(react-dom@19.1.0(react@19.1.0))(react@19.1.0)
      '@radix-ui/react-aspect-ratio':
        specifier: ^1.1.6
        version: 1.1.6(@types/react-dom@19.1.5(@types/react@19.1.4))(@types/react@19.1.4)(react-dom@19.1.0(react@19.1.0))(react@19.1.0)
      '@radix-ui/react-avatar':
        specifier: ^1.1.9
        version: 1.1.9(@types/react-dom@19.1.5(@types/react@19.1.4))(@types/react@19.1.4)(react-dom@19.1.0(react@19.1.0))(react@19.1.0)
      '@radix-ui/react-checkbox':
        specifier: ^1.3.1
        version: 1.3.1(@types/react-dom@19.1.5(@types/react@19.1.4))(@types/react@19.1.4)(react-dom@19.1.0(react@19.1.0))(react@19.1.0)
      '@radix-ui/react-collapsible':
        specifier: ^1.1.10
        version: 1.1.10(@types/react-dom@19.1.5(@types/react@19.1.4))(@types/react@19.1.4)(react-dom@19.1.0(react@19.1.0))(react@19.1.0)
      '@radix-ui/react-context-menu':
        specifier: ^2.2.14
        version: 2.2.14(@types/react-dom@19.1.5(@types/react@19.1.4))(@types/react@19.1.4)(react-dom@19.1.0(react@19.1.0))(react@19.1.0)
      '@radix-ui/react-dialog':
        specifier: ^1.1.13
        version: 1.1.13(@types/react-dom@19.1.5(@types/react@19.1.4))(@types/react@19.1.4)(react-dom@19.1.0(react@19.1.0))(react@19.1.0)
      '@radix-ui/react-dropdown-menu':
        specifier: ^2.1.14
        version: 2.1.14(@types/react-dom@19.1.5(@types/react@19.1.4))(@types/react@19.1.4)(react-dom@19.1.0(react@19.1.0))(react@19.1.0)
      '@radix-ui/react-hover-card':
        specifier: ^1.1.13
        version: 1.1.13(@types/react-dom@19.1.5(@types/react@19.1.4))(@types/react@19.1.4)(react-dom@19.1.0(react@19.1.0))(react@19.1.0)
      '@radix-ui/react-label':
        specifier: ^2.1.6
        version: 2.1.6(@types/react-dom@19.1.5(@types/react@19.1.4))(@types/react@19.1.4)(react-dom@19.1.0(react@19.1.0))(react@19.1.0)
      '@radix-ui/react-menubar':
        specifier: ^1.1.14
        version: 1.1.14(@types/react-dom@19.1.5(@types/react@19.1.4))(@types/react@19.1.4)(react-dom@19.1.0(react@19.1.0))(react@19.1.0)
      '@radix-ui/react-navigation-menu':
        specifier: ^1.2.12
        version: 1.2.12(@types/react-dom@19.1.5(@types/react@19.1.4))(@types/react@19.1.4)(react-dom@19.1.0(react@19.1.0))(react@19.1.0)
      '@radix-ui/react-popover':
        specifier: ^1.1.13
        version: 1.1.13(@types/react-dom@19.1.5(@types/react@19.1.4))(@types/react@19.1.4)(react-dom@19.1.0(react@19.1.0))(react@19.1.0)
      '@radix-ui/react-progress':
        specifier: ^1.1.6
        version: 1.1.6(@types/react-dom@19.1.5(@types/react@19.1.4))(@types/react@19.1.4)(react-dom@19.1.0(react@19.1.0))(react@19.1.0)
      '@radix-ui/react-radio-group':
        specifier: ^1.3.6
        version: 1.3.6(@types/react-dom@19.1.5(@types/react@19.1.4))(@types/react@19.1.4)(react-dom@19.1.0(react@19.1.0))(react@19.1.0)
      '@radix-ui/react-scroll-area':
        specifier: ^1.2.8
        version: 1.2.8(@types/react-dom@19.1.5(@types/react@19.1.4))(@types/react@19.1.4)(react-dom@19.1.0(react@19.1.0))(react@19.1.0)
      '@radix-ui/react-select':
        specifier: ^2.2.4
        version: 2.2.4(@types/react-dom@19.1.5(@types/react@19.1.4))(@types/react@19.1.4)(react-dom@19.1.0(react@19.1.0))(react@19.1.0)
      '@radix-ui/react-separator':
        specifier: ^1.1.6
        version: 1.1.6(@types/react-dom@19.1.5(@types/react@19.1.4))(@types/react@19.1.4)(react-dom@19.1.0(react@19.1.0))(react@19.1.0)
      '@radix-ui/react-slider':
        specifier: ^1.3.4
        version: 1.3.4(@types/react-dom@19.1.5(@types/react@19.1.4))(@types/react@19.1.4)(react-dom@19.1.0(react@19.1.0))(react@19.1.0)
      '@radix-ui/react-slot':
        specifier: ^1.2.2
        version: 1.2.2(@types/react@19.1.4)(react@19.1.0)
      '@radix-ui/react-switch':
        specifier: ^1.2.4
        version: 1.2.4(@types/react-dom@19.1.5(@types/react@19.1.4))(@types/react@19.1.4)(react-dom@19.1.0(react@19.1.0))(react@19.1.0)
      '@radix-ui/react-tabs':
        specifier: ^1.1.11
        version: 1.1.11(@types/react-dom@19.1.5(@types/react@19.1.4))(@types/react@19.1.4)(react-dom@19.1.0(react@19.1.0))(react@19.1.0)
      '@radix-ui/react-toggle':
        specifier: ^1.1.8
        version: 1.1.8(@types/react-dom@19.1.5(@types/react@19.1.4))(@types/react@19.1.4)(react-dom@19.1.0(react@19.1.0))(react@19.1.0)
      '@radix-ui/react-toggle-group':
        specifier: ^1.1.9
        version: 1.1.9(@types/react-dom@19.1.5(@types/react@19.1.4))(@types/react@19.1.4)(react-dom@19.1.0(react@19.1.0))(react@19.1.0)
      '@radix-ui/react-tooltip':
        specifier: ^1.2.6
        version: 1.2.6(@types/react-dom@19.1.5(@types/react@19.1.4))(@types/react@19.1.4)(react-dom@19.1.0(react@19.1.0))(react@19.1.0)
      '@tailwindcss/vite':
        specifier: ^4.1.7
        version: 4.1.7(vite@6.3.5(@types/node@20.17.7))
      'class-variance-authority':
        specifier: ^0.7.1
        version: 0.7.1
      clsx:
        specifier: ^2.1.1
        version: 2.1.1
      cmdk:
        specifier: ^1.1.1
        version: 1.1.1(@types/react-dom@19.1.5(@types/react@19.1.4))(@types/react@19.1.4)(react-dom@19.1.0(react@19.1.0))(react@19.1.0)
      'date-fns':
        specifier: ^4.1.0
        version: 4.1.0
      'embla-carousel-react':
        specifier: ^8.6.0
        version: 8.6.0(react@19.1.0)
      'framer-motion':
        specifier: ^12.15.0
        version: 12.15.0(react-dom@19.1.0(react@19.1.0))(react@19.1.0)
      'input-otp':
        specifier: ^1.4.2
        version: 1.4.2(react-dom@19.1.0(react@19.1.0))(react@19.1.0)
      'lucide-react':
        specifier: ^0.510.0
        version: 0.510.0(react@19.1.0)
      'next-themes':
        specifier: ^0.4.6
        version: 0.4.6(react-dom@19.1.0(react@19.1.0))(react@19.1.0)
      react:
        specifier: ^19.1.0
        version: 19.1.0
      'react-day-picker':
        specifier: 8.10.1
        version: 8.10.1(date-fns@4.1.0)(react@19.1.0)
      'react-dom':
        specifier: ^19.1.0
        version: 19.1.0(react@19.1.0)
      'react-hook-form':
        specifier: ^7.56.3
        version: 7.56.3(react@19.1.0)
      'react-resizable-panels':
        specifier: ^3.0.2
        version: 3.0.2(react-dom@19.1.0(react@19.1.0))(react@19.1.0)
      'react-router-dom':
        specifier: ^7.6.1
        version: 7.6.1(react-dom@19.1.0(react@19.1.0))(react@19.1.0)
      recharts:
        specifier: ^2.15.3
        version: 2.15.3(react-dom@19.1.0(react@19.1.0))(react@19.1.0)
      sonner:
        specifier: ^2.0.3
        version: 2.0.3(react-dom@19.1.0(react@19.1.0))(react@19.1.0)
      'tailwind-merge':
        specifier: ^3.3.0
        version: 3.3.0
      tailwindcss:
        specifier: ^4.1.7
        version: 4.1.7
      vaul:
        specifier: ^1.1.2
        version: 1.1.2(@types/react-dom@19.1.5(@types/react@19.1.4))(@types/react@19.1.4)(react-dom@19.1.0(react@19.1.0))(react@19.1.0)
      zod:
        specifier: ^3.24.4
        version: 3.24.4
    devDependencies:
      '@eslint/js':
        specifier: ^9.25.0
        version: 9.25.0
      '@types/react':
        specifier: ^19.1.2
        version: 19.1.4
      '@types/react-dom':
        specifier: ^19.1.2
        version: 19.1.5(@types/react@19.1.4)
      '@vitejs/plugin-react':
        specifier: ^4.4.1
        version: 4.4.1(vite@6.3.5(@types/node@20.17.7))
      eslint:
        specifier: ^9.25.0
        version: 9.25.0
      'eslint-plugin-react-hooks':
        specifier: ^5.2.0
        version: 5.2.0(eslint@9.25.0)
      'eslint-plugin-react-refresh':
        specifier: ^0.4.19
        version: 0.4.19(eslint@9.25.0)
      globals:
        specifier: ^16.0.0
        version: 16.0.0
      'tw-animate-css':
        specifier: ^1.2.9
        version: 1.2.9
      vite:
        specifier: ^6.3.5
        version: 6.3.5(@types/node@20.17.7)

packages:

  '@alloc/quick-lru@5.2.0':
    resolution: {integrity: sha512-UrcABB+4bUrFABwbluTIBErXwvbsU/V7TZWfmbgJfbkwiBuziS9gxdODUyuiecfdGQ85jglMW6juS3+z5TsKLw==}
    engines: {node: '>=10'}

  # Truncated for brevity - this includes all the dependency resolutions
  # The full file would contain all package definitions and their integrity hashes